{
  "requires": true,
  "lockfileVersion": 1,
  "dependencies": {
    "@iconica/iconicaelements": {
      "version": "1.0.5",
      "resolved": "https://registry.npmjs.org/@iconica/iconicaelements/-/iconicaelements-1.0.5.tgz",
      "integrity": "sha512-Cu3VHX42116pTgvDYRhjx0ZwfoyM9YS2jjOIVolVrNA3UV8o2ly9jfuUcRzILIcwhPhzTYgqRYo3J15Sk7GalA==",
      "requires": {
        "@polymer/paper-button": "3.0.0-pre.1",
        "@polymer/paper-progress": "3.0.0-pre.1",
        "@polymer/polymer": "3.0.0-pre.1"
      },
      "dependencies": {
        "@polymer/paper-button": {
          "version": "3.0.0-pre.1",
          "resolved": "https://registry.npmjs.org/@polymer/paper-button/-/paper-button-3.0.0-pre.1.tgz",
          "integrity": "sha512-W/zKAsbqGg6h1Ob2dM9qH28K216Eea4nXenOf3RugBU8JkEK95w2ul25fRQP5Fq153B6BxNi9osoCXMmdehsJA==",
          "requires": {
            "@polymer/iron-flex-layout": "3.0.0-pre.1",
            "@polymer/paper-behaviors": "3.0.0-pre.1",
            "@polymer/paper-styles": "3.0.0-pre.1",
            "@polymer/polymer": "3.0.0-pre.1"
          }
        },
        "@polymer/paper-progress": {
          "version": "3.0.0-pre.1",
          "resolved": "https://registry.npmjs.org/@polymer/paper-progress/-/paper-progress-3.0.0-pre.1.tgz",
          "integrity": "sha512-7Ic1IoFcs+4kC4QteY3JGjxoqOtTabXFxFH8cl9si4b7xs91b9KnKhozTrPPtAk28AuMKg6JLZq0O7rD10Znkw==",
          "requires": {
            "@polymer/iron-flex-layout": "3.0.0-pre.1",
            "@polymer/iron-range-behavior": "3.0.0-pre.1",
            "@polymer/paper-styles": "3.0.0-pre.1",
            "@polymer/polymer": "3.0.0-pre.1"
          }
        }
      }
    },
    "@polymer/font-roboto": {
      "version": "3.0.0-pre.1",
      "resolved": "https://registry.npmjs.org/@polymer/font-roboto/-/font-roboto-3.0.0-pre.1.tgz",
      "integrity": "sha512-jm9Vh6EgTfUX/Hv7YtHMNgQHXUIberpiiJX7h4SFbrpYCt45PSBJ5KtFz7s4T01dRYCf8wh4coRkWJGHvTH57g=="
    },
    "@polymer/iron-a11y-keys-behavior": {
      "version": "3.0.0-pre.1",
      "resolved": "https://registry.npmjs.org/@polymer/iron-a11y-keys-behavior/-/iron-a11y-keys-behavior-3.0.0-pre.1.tgz",
      "integrity": "sha512-2FFkk1zQrcQPtiTNMsYouXi6eGIgbF1F9ih2/M8lBtlyqB9CMr0JWci8/ibt06fm4pQFCvOV76OggvJhVVLYpg==",
      "requires": {
        "@polymer/polymer": "3.0.0-pre.1"
      }
    },
    "@polymer/iron-behaviors": {
      "version": "3.0.0-pre.1",
      "resolved": "https://registry.npmjs.org/@polymer/iron-behaviors/-/iron-behaviors-3.0.0-pre.1.tgz",
      "integrity": "sha512-rBdPz7056ML+Bfm1QkLATBoT2D9ESqT5pN5Q8KZVJLtvq16NEW2MJuujz/pb4yUAXMCX6HkEh8AAUu93t05iiQ==",
      "requires": {
        "@polymer/iron-a11y-keys-behavior": "3.0.0-pre.1",
        "@polymer/polymer": "3.0.0-pre.1"
      }
    },
    "@polymer/iron-checked-element-behavior": {
      "version": "3.0.0-pre.1",
      "resolved": "https://registry.npmjs.org/@polymer/iron-checked-element-behavior/-/iron-checked-element-behavior-3.0.0-pre.1.tgz",
      "integrity": "sha512-LSOmqiWEiwq+wQSy8DemTIH5vi++7/Kb/m/p4idHWZbyaZzXWlYJch/1PpDZUg+bW9nhAAXG5xnCRw/xcdf/Lw==",
      "requires": {
        "@polymer/iron-form-element-behavior": "3.0.0-pre.1",
        "@polymer/iron-validatable-behavior": "3.0.0-pre.1",
        "@polymer/polymer": "3.0.0-pre.1"
      }
    },
    "@polymer/iron-flex-layout": {
      "version": "3.0.0-pre.1",
      "resolved": "https://registry.npmjs.org/@polymer/iron-flex-layout/-/iron-flex-layout-3.0.0-pre.1.tgz",
      "integrity": "sha512-EXkfULT1I2nNOA1fT8JXG+wFnl9OMcX0dqPawbQcE3B8FlsSc/2c9bdKppK6AZEi5wD20zZhBc5BtjzM1LXXrw==",
      "requires": {
        "@polymer/polymer": "3.0.0-pre.1"
      }
    },
    "@polymer/iron-form-element-behavior": {
      "version": "3.0.0-pre.1",
      "resolved": "https://registry.npmjs.org/@polymer/iron-form-element-behavior/-/iron-form-element-behavior-3.0.0-pre.1.tgz",
      "integrity": "sha512-UMD+siEtwI/5EdQPqEopuBfZftKPH2ILJP8RfsNKT0KCGqX9pO1Tsu+4bo+jD9nTMbePuDFPHiW2iK15hXMO8g==",
      "requires": {
        "@polymer/polymer": "3.0.0-pre.1"
      }
    },
    "@polymer/iron-meta": {
      "version": "3.0.0-pre.1",
      "resolved": "https://registry.npmjs.org/@polymer/iron-meta/-/iron-meta-3.0.0-pre.1.tgz",
      "integrity": "sha512-HSkLnzq19SnC75CilRqI1enK4jpWUOqv27wzUWRrFGyC5T/KraUGAOrPK2VkSxpM5z3wuVFgMG+7q0NkCyWtqw==",
      "requires": {
        "@polymer/polymer": "3.0.0-pre.1"
      }
    },
    "@polymer/iron-range-behavior": {
      "version": "3.0.0-pre.1",
      "resolved": "https://registry.npmjs.org/@polymer/iron-range-behavior/-/iron-range-behavior-3.0.0-pre.1.tgz",
      "integrity": "sha512-XS0ulK/nQUVN/K56bgeGT95jVHFs6v/FJoRMM3UBzaXksX1NiMm3FuZoyHWsYscyYgdZ2wgdqqfQaxOkZXaWDA==",
      "requires": {
        "@polymer/polymer": "3.0.0-pre.1"
      }
    },
    "@polymer/iron-validatable-behavior": {
      "version": "3.0.0-pre.1",
      "resolved": "https://registry.npmjs.org/@polymer/iron-validatable-behavior/-/iron-validatable-behavior-3.0.0-pre.1.tgz",
      "integrity": "sha512-zk2z7kEXf8Y8DnGOCEBKmbvWQ7t7ns/wgj9zT+q53vuaa/76rZHM9l5xyOnGIxmNvccs1Y7qxg3yELvLP0N18w==",
      "requires": {
        "@polymer/iron-meta": "3.0.0-pre.1",
        "@polymer/polymer": "3.0.0-pre.1"
      }
    },
    "@polymer/paper-behaviors": {
      "version": "3.0.0-pre.1",
      "resolved": "https://registry.npmjs.org/@polymer/paper-behaviors/-/paper-behaviors-3.0.0-pre.1.tgz",
      "integrity": "sha512-UKz+hz3uqY4vtP633djWoF+D0CwJSxJbTo+FtF48YyhU1N3lK/modDamyBzuoDGvZgihMpi/Or6WQ7aimYVugQ==",
      "requires": {
        "@polymer/iron-behaviors": "3.0.0-pre.1",
        "@polymer/iron-checked-element-behavior": "3.0.0-pre.1",
        "@polymer/paper-ripple": "3.0.0-pre.1",
        "@polymer/polymer": "3.0.0-pre.1"
      }
    },
    "@polymer/paper-ripple": {
      "version": "3.0.0-pre.1",
      "resolved": "https://registry.npmjs.org/@polymer/paper-ripple/-/paper-ripple-3.0.0-pre.1.tgz",
      "integrity": "sha512-K7d439UEDBpUJHV7iYsHueOMLK48Fq7sC42wwmt6oEgI5vKkbCtf76031yGems7fe++5LDim1cbCV8Fm3Iw1KQ==",
      "requires": {
        "@polymer/iron-a11y-keys-behavior": "3.0.0-pre.1",
        "@polymer/polymer": "3.0.0-pre.1"
      }
    },
    "@polymer/paper-styles": {
      "version": "3.0.0-pre.1",
      "resolved": "https://registry.npmjs.org/@polymer/paper-styles/-/paper-styles-3.0.0-pre.1.tgz",
      "integrity": "sha512-L/8B34oiDKNMz6vI/T8ZykMJAhJ6OghCOdS4avpeWKDmS1uuZwdEvVMZt7+8aSccpbfBYi8haYPrnhBNvf76cw==",
      "requires": {
        "@polymer/font-roboto": "3.0.0-pre.1",
        "@polymer/iron-flex-layout": "3.0.0-pre.1",
        "@polymer/polymer": "3.0.0-pre.1"
      }
    },
    "@polymer/polymer": {
      "version": "3.0.0-pre.1",
      "resolved": "https://registry.npmjs.org/@polymer/polymer/-/polymer-3.0.0-pre.1.tgz",
      "integrity": "sha512-yfVY9yl3hmnbU+RtcOobmmiPCkqIqpjMdo3+KoJ6gpFTUFFClKBqSAe7qussIGoyEUNdacXHF6OUj0Y2bTIDew==",
      "requires": {
        "@webcomponents/shadycss": "1.0.6",
        "@webcomponents/webcomponentsjs": "1.0.18"
      }
    },
    "@webcomponents/shadycss": {
      "version": "1.0.6",
      "resolved": "https://registry.npmjs.org/@webcomponents/shadycss/-/shadycss-1.0.6.tgz",
      "integrity": "sha512-4yGifxIQkDzf3SRQIRE4e4cI09yawgZ6GHsnrkSLdohesKo4oMgxc5sF0wv2DQN7o7mCAjBYnunQXcHmC62qhw=="
    },
    "@webcomponents/webcomponentsjs": {
      "version": "1.0.18",
      "resolved": "https://registry.npmjs.org/@webcomponents/webcomponentsjs/-/webcomponentsjs-1.0.18.tgz",
      "integrity": "sha512-F/Gn3zcJMc0FaxedKPyOKoiIQxg5p9HyDwRC1VRBvAc7+FA6oBDf39GqWsZ9nKtarsx1RslwkrHDIHLYETdIAA=="
    }
  }
}
